// !$*UTF8*$!
{
	archiveVersion = 1;
	classes = {
	};
	objectVersion = 46;
	objects = {

/* Begin PBXBuildFile section */
		F6A084CA18AD15BA00DDE29D /* CredentialsDepot.bundle in Resources */ = {isa = PBXBuildFile; fileRef = F6A084C818AD15BA00DDE29D /* CredentialsDepot.bundle */; };
		F6A084CB18AD15BA00DDE29D /* libBNRCredentialDepot.a in Frameworks */ = {isa = PBXBuildFile; fileRef = F6A084C918AD15BA00DDE29D /* libBNRCredentialDepot.a */; };
		F6A2DCFF18AA19D1008143AC /* Foundation.framework in Frameworks */ = {isa = PBXBuildFile; fileRef = F6A2DCFE18AA19D1008143AC /* Foundation.framework */; };
		F6A2DD0118AA19D1008143AC /* CoreGraphics.framework in Frameworks */ = {isa = PBXBuildFile; fileRef = F6A2DD0018AA19D1008143AC /* CoreGraphics.framework */; };
		F6A2DD0318AA19D1008143AC /* UIKit.framework in Frameworks */ = {isa = PBXBuildFile; fileRef = F6A2DD0218AA19D1008143AC /* UIKit.framework */; };
		F6A2DD0918AA19D1008143AC /* InfoPlist.strings in Resources */ = {isa = PBXBuildFile; fileRef = F6A2DD0718AA19D1008143AC /* InfoPlist.strings */; };
		F6A2DD0B18AA19D1008143AC /* main.m in Sources */ = {isa = PBXBuildFile; fileRef = F6A2DD0A18AA19D1008143AC /* main.m */; };
		F6A2DD0F18AA19D1008143AC /* AppDelegate.m in Sources */ = {isa = PBXBuildFile; fileRef = F6A2DD0E18AA19D1008143AC /* AppDelegate.m */; };
		F6A2DD1218AA19D1008143AC /* Main.storyboard in Resources */ = {isa = PBXBuildFile; fileRef = F6A2DD1018AA19D1008143AC /* Main.storyboard */; };
		F6A2DD1518AA19D1008143AC /* ViewController.m in Sources */ = {isa = PBXBuildFile; fileRef = F6A2DD1418AA19D1008143AC /* ViewController.m */; };
		F6A2DD1718AA19D1008143AC /* Images.xcassets in Resources */ = {isa = PBXBuildFile; fileRef = F6A2DD1618AA19D1008143AC /* Images.xcassets */; };
		F6A2DD1E18AA19D1008143AC /* XCTest.framework in Frameworks */ = {isa = PBXBuildFile; fileRef = F6A2DD1D18AA19D1008143AC /* XCTest.framework */; };
		F6A2DD1F18AA19D1008143AC /* Foundation.framework in Frameworks */ = {isa = PBXBuildFile; fileRef = F6A2DCFE18AA19D1008143AC /* Foundation.framework */; };
		F6A2DD2018AA19D1008143AC /* UIKit.framework in Frameworks */ = {isa = PBXBuildFile; fileRef = F6A2DD0218AA19D1008143AC /* UIKit.framework */; };
		F6A2DD2818AA19D1008143AC /* InfoPlist.strings in Resources */ = {isa = PBXBuildFile; fileRef = F6A2DD2618AA19D1008143AC /* InfoPlist.strings */; };
		F6A2DD2A18AA19D1008143AC /* CredentialManagerTests.m in Sources */ = {isa = PBXBuildFile; fileRef = F6A2DD2918AA19D1008143AC /* CredentialManagerTests.m */; };
		F6A2DD7E18AA5FD4008143AC /* CoreData.framework in Frameworks */ = {isa = PBXBuildFile; fileRef = F6A2DD7D18AA5FD4008143AC /* CoreData.framework */; };
		F6A2DD8418AA636A008143AC /* Credentials.xcdatamodeld in Sources */ = {isa = PBXBuildFile; fileRef = F6A2DD8218AA636A008143AC /* Credentials.xcdatamodeld */; };
		F6A2DD8718AA6BE9008143AC /* UserCredentials.m in Sources */ = {isa = PBXBuildFile; fileRef = F6A2DD8618AA6BE9008143AC /* UserCredentials.m */; };
/* End PBXBuildFile section */

/* Begin PBXContainerItemProxy section */
		F6A2DD2118AA19D1008143AC /* PBXContainerItemProxy */ = {
			isa = PBXContainerItemProxy;
			containerPortal = F6A2DCF318AA19D1008143AC /* Project object */;
			proxyType = 1;
			remoteGlobalIDString = F6A2DCFA18AA19D1008143AC;
			remoteInfo = CredentialManager;
		};
/* End PBXContainerItemProxy section */

/* Begin PBXFileReference section */
		F6A084C718AD15BA00DDE29D /* BNRCredentialDepot.h */ = {isa = PBXFileReference; fileEncoding = 4; lastKnownFileType = sourcecode.c.h; path = BNRCredentialDepot.h; sourceTree = "<group>"; };
		F6A084C818AD15BA00DDE29D /* CredentialsDepot.bundle */ = {isa = PBXFileReference; lastKnownFileType = "wrapper.plug-in"; path = CredentialsDepot.bundle; sourceTree = "<group>"; };
		F6A084C918AD15BA00DDE29D /* libBNRCredentialDepot.a */ = {isa = PBXFileReference; lastKnownFileType = archive.ar; path = libBNRCredentialDepot.a; sourceTree = "<group>"; };
		F6A2DCFB18AA19D1008143AC /* CredentialManager.app */ = {isa = PBXFileReference; explicitFileType = wrapper.application; includeInIndex = 0; path = CredentialManager.app; sourceTree = BUILT_PRODUCTS_DIR; };
		F6A2DCFE18AA19D1008143AC /* Foundation.framework */ = {isa = PBXFileReference; lastKnownFileType = wrapper.framework; name = Foundation.framework; path = System/Library/Frameworks/Foundation.framework; sourceTree = SDKROOT; };
		F6A2DD0018AA19D1008143AC /* CoreGraphics.framework */ = {isa = PBXFileReference; lastKnownFileType = wrapper.framework; name = CoreGraphics.framework; path = System/Library/Frameworks/CoreGraphics.framework; sourceTree = SDKROOT; };
		F6A2DD0218AA19D1008143AC /* UIKit.framework */ = {isa = PBXFileReference; lastKnownFileType = wrapper.framework; name = UIKit.framework; path = System/Library/Frameworks/UIKit.framework; sourceTree = SDKROOT; };
		F6A2DD0618AA19D1008143AC /* CredentialManager-Info.plist */ = {isa = PBXFileReference; lastKnownFileType = text.plist.xml; path = "CredentialManager-Info.plist"; sourceTree = "<group>"; };
		F6A2DD0818AA19D1008143AC /* en */ = {isa = PBXFileReference; lastKnownFileType = text.plist.strings; name = en; path = en.lproj/InfoPlist.strings; sourceTree = "<group>"; };
		F6A2DD0A18AA19D1008143AC /* main.m */ = {isa = PBXFileReference; lastKnownFileType = sourcecode.c.objc; path = main.m; sourceTree = "<group>"; };
		F6A2DD0C18AA19D1008143AC /* CredentialManager-Prefix.pch */ = {isa = PBXFileReference; lastKnownFileType = sourcecode.c.h; path = "CredentialManager-Prefix.pch"; sourceTree = "<group>"; };
		F6A2DD0D18AA19D1008143AC /* AppDelegate.h */ = {isa = PBXFileReference; lastKnownFileType = sourcecode.c.h; path = AppDelegate.h; sourceTree = "<group>"; };
		F6A2DD0E18AA19D1008143AC /* AppDelegate.m */ = {isa = PBXFileReference; lastKnownFileType = sourcecode.c.objc; path = AppDelegate.m; sourceTree = "<group>"; };
		F6A2DD1118AA19D1008143AC /* Base */ = {isa = PBXFileReference; lastKnownFileType = file.storyboard; name = Base; path = Base.lproj/Main.storyboard; sourceTree = "<group>"; };
		F6A2DD1318AA19D1008143AC /* ViewController.h */ = {isa = PBXFileReference; lastKnownFileType = sourcecode.c.h; path = ViewController.h; sourceTree = "<group>"; };
		F6A2DD1418AA19D1008143AC /* ViewController.m */ = {isa = PBXFileReference; lastKnownFileType = sourcecode.c.objc; path = ViewController.m; sourceTree = "<group>"; };
		F6A2DD1618AA19D1008143AC /* Images.xcassets */ = {isa = PBXFileReference; lastKnownFileType = folder.assetcatalog; path = Images.xcassets; sourceTree = "<group>"; };
		F6A2DD1C18AA19D1008143AC /* CredentialManagerTests.xctest */ = {isa = PBXFileReference; explicitFileType = wrapper.cfbundle; includeInIndex = 0; path = CredentialManagerTests.xctest; sourceTree = BUILT_PRODUCTS_DIR; };
		F6A2DD1D18AA19D1008143AC /* XCTest.framework */ = {isa = PBXFileReference; lastKnownFileType = wrapper.framework; name = XCTest.framework; path = Library/Frameworks/XCTest.framework; sourceTree = DEVELOPER_DIR; };
		F6A2DD2518AA19D1008143AC /* CredentialManagerTests-Info.plist */ = {isa = PBXFileReference; lastKnownFileType = text.plist.xml; path = "CredentialManagerTests-Info.plist"; sourceTree = "<group>"; };
		F6A2DD2718AA19D1008143AC /* en */ = {isa = PBXFileReference; lastKnownFileType = text.plist.strings; name = en; path = en.lproj/InfoPlist.strings; sourceTree = "<group>"; };
		F6A2DD2918AA19D1008143AC /* CredentialManagerTests.m */ = {isa = PBXFileReference; lastKnownFileType = sourcecode.c.objc; path = CredentialManagerTests.m; sourceTree = "<group>"; };
		F6A2DD7D18AA5FD4008143AC /* CoreData.framework */ = {isa = PBXFileReference; lastKnownFileType = wrapper.framework; name = CoreData.framework; path = System/Library/Frameworks/CoreData.framework; sourceTree = SDKROOT; };
		F6A2DD8318AA636A008143AC /* Credentials.xcdatamodel */ = {isa = PBXFileReference; lastKnownFileType = wrapper.xcdatamodel; path = Credentials.xcdatamodel; sourceTree = "<group>"; };
		F6A2DD8518AA6BE9008143AC /* UserCredentials.h */ = {isa = PBXFileReference; fileEncoding = 4; lastKnownFileType = sourcecode.c.h; path = UserCredentials.h; sourceTree = "<group>"; };
		F6A2DD8618AA6BE9008143AC /* UserCredentials.m */ = {isa = PBXFileReference; fileEncoding = 4; lastKnownFileType = sourcecode.c.objc; path = UserCredentials.m; sourceTree = "<group>"; };
/* End PBXFileReference section */

/* Begin PBXFrameworksBuildPhase section */
		F6A2DCF818AA19D1008143AC /* Frameworks */ = {
			isa = PBXFrameworksBuildPhase;
			buildActionMask = 2147483647;
			files = (
				F6A2DD7E18AA5FD4008143AC /* CoreData.framework in Frameworks */,
				F6A2DD0118AA19D1008143AC /* CoreGraphics.framework in Frameworks */,
				F6A2DD0318AA19D1008143AC /* UIKit.framework in Frameworks */,
				F6A084CB18AD15BA00DDE29D /* libBNRCredentialDepot.a in Frameworks */,
				F6A2DCFF18AA19D1008143AC /* Foundation.framework in Frameworks */,
			);
			runOnlyForDeploymentPostprocessing = 0;
		};
		F6A2DD1918AA19D1008143AC /* Frameworks */ = {
			isa = PBXFrameworksBuildPhase;
			buildActionMask = 2147483647;
			files = (
				F6A2DD1E18AA19D1008143AC /* XCTest.framework in Frameworks */,
				F6A2DD2018AA19D1008143AC /* UIKit.framework in Frameworks */,
				F6A2DD1F18AA19D1008143AC /* Foundation.framework in Frameworks */,
			);
			runOnlyForDeploymentPostprocessing = 0;
		};
/* End PBXFrameworksBuildPhase section */

/* Begin PBXGroup section */
		F6A084C618AD15BA00DDE29D /* BNRLibrary */ = {
			isa = PBXGroup;
			children = (
				F6A084C718AD15BA00DDE29D /* BNRCredentialDepot.h */,
				F6A084C818AD15BA00DDE29D /* CredentialsDepot.bundle */,
				F6A084C918AD15BA00DDE29D /* libBNRCredentialDepot.a */,
			);
			path = BNRLibrary;
			sourceTree = "<group>";
		};
		F6A2DCF218AA19D1008143AC = {
			isa = PBXGroup;
			children = (
				F6A2DD0418AA19D1008143AC /* CredentialManager */,
				F6A2DD2318AA19D1008143AC /* CredentialManagerTests */,
				F6A2DCFD18AA19D1008143AC /* Frameworks */,
				F6A2DCFC18AA19D1008143AC /* Products */,
			);
			sourceTree = "<group>";
		};
		F6A2DCFC18AA19D1008143AC /* Products */ = {
			isa = PBXGroup;
			children = (
				F6A2DCFB18AA19D1008143AC /* CredentialManager.app */,
				F6A2DD1C18AA19D1008143AC /* CredentialManagerTests.xctest */,
			);
			name = Products;
			sourceTree = "<group>";
		};
		F6A2DCFD18AA19D1008143AC /* Frameworks */ = {
			isa = PBXGroup;
			children = (
				F6A2DD7D18AA5FD4008143AC /* CoreData.framework */,
				F6A2DCFE18AA19D1008143AC /* Foundation.framework */,
				F6A2DD0018AA19D1008143AC /* CoreGraphics.framework */,
				F6A2DD0218AA19D1008143AC /* UIKit.framework */,
				F6A2DD1D18AA19D1008143AC /* XCTest.framework */,
			);
			name = Frameworks;
			sourceTree = "<group>";
		};
		F6A2DD0418AA19D1008143AC /* CredentialManager */ = {
			isa = PBXGroup;
			children = (
				F6A2DD0D18AA19D1008143AC /* AppDelegate.h */,
				F6A2DD0E18AA19D1008143AC /* AppDelegate.m */,
				F6A2DD8218AA636A008143AC /* Credentials.xcdatamodeld */,
				F6A2DD1018AA19D1008143AC /* Main.storyboard */,
				F6A2DD1318AA19D1008143AC /* ViewController.h */,
				F6A2DD1418AA19D1008143AC /* ViewController.m */,
				F6A2DD8518AA6BE9008143AC /* UserCredentials.h */,
				F6A2DD8618AA6BE9008143AC /* UserCredentials.m */,
				F6A084C618AD15BA00DDE29D /* BNRLibrary */,
				F6A2DD1618AA19D1008143AC /* Images.xcassets */,
				F6A2DD0518AA19D1008143AC /* Supporting Files */,
			);
			path = CredentialManager;
			sourceTree = "<group>";
		};
		F6A2DD0518AA19D1008143AC /* Supporting Files */ = {
			isa = PBXGroup;
			children = (
				F6A2DD0618AA19D1008143AC /* CredentialManager-Info.plist */,
				F6A2DD0718AA19D1008143AC /* InfoPlist.strings */,
				F6A2DD0A18AA19D1008143AC /* main.m */,
				F6A2DD0C18AA19D1008143AC /* CredentialManager-Prefix.pch */,
			);
			name = "Supporting Files";
			sourceTree = "<group>";
		};
		F6A2DD2318AA19D1008143AC /* CredentialManagerTests */ = {
			isa = PBXGroup;
			children = (
				F6A2DD2918AA19D1008143AC /* CredentialManagerTests.m */,
				F6A2DD2418AA19D1008143AC /* Supporting Files */,
			);
			path = CredentialManagerTests;
			sourceTree = "<group>";
		};
		F6A2DD2418AA19D1008143AC /* Supporting Files */ = {
			isa = PBXGroup;
			children = (
				F6A2DD2518AA19D1008143AC /* CredentialManagerTests-Info.plist */,
				F6A2DD2618AA19D1008143AC /* InfoPlist.strings */,
			);
			name = "Supporting Files";
			sourceTree = "<group>";
		};
/* End PBXGroup section */

/* Begin PBXNativeTarget section */
		F6A2DCFA18AA19D1008143AC /* CredentialManager */ = {
			isa = PBXNativeTarget;
			buildConfigurationList = F6A2DD2D18AA19D1008143AC /* Build configuration list for PBXNativeTarget "CredentialManager" */;
			buildPhases = (
				F6A2DCF718AA19D1008143AC /* Sources */,
				F6A2DCF818AA19D1008143AC /* Frameworks */,
				F6A2DCF918AA19D1008143AC /* Resources */,
			);
			buildRules = (
			);
			dependencies = (
			);
			name = CredentialManager;
			productName = CredentialManager;
			productReference = F6A2DCFB18AA19D1008143AC /* CredentialManager.app */;
			productType = "com.apple.product-type.application";
		};
		F6A2DD1B18AA19D1008143AC /* CredentialManagerTests */ = {
			isa = PBXNativeTarget;
			buildConfigurationList = F6A2DD3018AA19D1008143AC /* Build configuration list for PBXNativeTarget "CredentialManagerTests" */;
			buildPhases = (
				F6A2DD1818AA19D1008143AC /* Sources */,
				F6A2DD1918AA19D1008143AC /* Frameworks */,
				F6A2DD1A18AA19D1008143AC /* Resources */,
			);
			buildRules = (
			);
			dependencies = (
				F6A2DD2218AA19D1008143AC /* PBXTargetDependency */,
			);
			name = CredentialManagerTests;
			productName = CredentialManagerTests;
			productReference = F6A2DD1C18AA19D1008143AC /* CredentialManagerTests.xctest */;
			productType = "com.apple.product-type.bundle.unit-test";
		};
/* End PBXNativeTarget section */

/* Begin PBXProject section */
		F6A2DCF318AA19D1008143AC /* Project object */ = {
			isa = PBXProject;
			attributes = {
				LastUpgradeCheck = 0500;
				ORGANIZATIONNAME = "Bharath Nagaraj Rao";
				TargetAttributes = {
					F6A2DD1B18AA19D1008143AC = {
						TestTargetID = F6A2DCFA18AA19D1008143AC;
					};
				};
			};
			buildConfigurationList = F6A2DCF618AA19D1008143AC /* Build configuration list for PBXProject "CredentialManager" */;
			compatibilityVersion = "Xcode 3.2";
			developmentRegion = English;
			hasScannedForEncodings = 0;
			knownRegions = (
				en,
				Base,
			);
			mainGroup = F6A2DCF218AA19D1008143AC;
			productRefGroup = F6A2DCFC18AA19D1008143AC /* Products */;
			projectDirPath = "";
			projectRoot = "";
			targets = (
				F6A2DCFA18AA19D1008143AC /* CredentialManager */,
				F6A2DD1B18AA19D1008143AC /* CredentialManagerTests */,
			);
		};
/* End PBXProject section */

/* Begin PBXResourcesBuildPhase section */
		F6A2DCF918AA19D1008143AC /* Resources */ = {
			isa = PBXResourcesBuildPhase;
			buildActionMask = 2147483647;
			files = (
				F6A2DD1718AA19D1008143AC /* Images.xcassets in Resources */,
				F6A084CA18AD15BA00DDE29D /* CredentialsDepot.bundle in Resources */,
				F6A2DD0918AA19D1008143AC /* InfoPlist.strings in Resources */,
				F6A2DD1218AA19D1008143AC /* Main.storyboard in Resources */,
			);
			runOnlyForDeploymentPostprocessing = 0;
		};
		F6A2DD1A18AA19D1008143AC /* Resources */ = {
			isa = PBXResourcesBuildPhase;
			buildActionMask = 2147483647;
			files = (
				F6A2DD2818AA19D1008143AC /* InfoPlist.strings in Resources */,
			);
			runOnlyForDeploymentPostprocessing = 0;
		};
/* End PBXResourcesBuildPhase section */

/* Begin PBXSourcesBuildPhase section */
		F6A2DCF718AA19D1008143AC /* Sources */ = {
			isa = PBXSourcesBuildPhase;
			buildActionMask = 2147483647;
			files = (
				F6A2DD1518AA19D1008143AC /* ViewController.m in Sources */,
				F6A2DD0F18AA19D1008143AC /* AppDelegate.m in Sources */,
				F6A2DD8718AA6BE9008143AC /* UserCredentials.m in Sources */,
				F6A2DD8418AA636A008143AC /* Credentials.xcdatamodeld in Sources */,
				F6A2DD0B18AA19D1008143AC /* main.m in Sources */,
			);
			runOnlyForDeploymentPostprocessing = 0;
		};
		F6A2DD1818AA19D1008143AC /* Sources */ = {
			isa = PBXSourcesBuildPhase;
			buildActionMask = 2147483647;
			files = (
				F6A2DD2A18AA19D1008143AC /* CredentialManagerTests.m in Sources */,
			);
			runOnlyForDeploymentPostprocessing = 0;
		};
/* End PBXSourcesBuildPhase section */

/* Begin PBXTargetDependency section */
		F6A2DD2218AA19D1008143AC /* PBXTargetDependency */ = {
			isa = PBXTargetDependency;
			target = F6A2DCFA18AA19D1008143AC /* CredentialManager */;
			targetProxy = F6A2DD2118AA19D1008143AC /* PBXContainerItemProxy */;
		};
/* End PBXTargetDependency section */

/* Begin PBXVariantGroup section */
		F6A2DD0718AA19D1008143AC /* InfoPlist.strings */ = {
			isa = PBXVariantGroup;
			children = (
				F6A2DD0818AA19D1008143AC /* en */,
			);
			name = InfoPlist.strings;
			sourceTree = "<group>";
		};
		F6A2DD1018AA19D1008143AC /* Main.storyboard */ = {
			isa = PBXVariantGroup;
			children = (
				F6A2DD1118AA19D1008143AC /* Base */,
			);
			name = Main.storyboard;
			sourceTree = "<group>";
		};
		F6A2DD2618AA19D1008143AC /* InfoPlist.strings */ = {
			isa = PBXVariantGroup;
			children = (
				F6A2DD2718AA19D1008143AC /* en */,
			);
			name = InfoPlist.strings;
			sourceTree = "<group>";
		};
/* End PBXVariantGroup section */

/* Begin XCBuildConfiguration section */
		F6A2DD2B18AA19D1008143AC /* Debug */ = {
			isa = XCBuildConfiguration;
			buildSettings = {
				ALWAYS_SEARCH_USER_PATHS = NO;
				ARCHS = "$(ARCHS_STANDARD_INCLUDING_64_BIT)";
				CLANG_CXX_LANGUAGE_STANDARD = "gnu++0x";
				CLANG_CXX_LIBRARY = "libc++";
				CLANG_ENABLE_MODULES = YES;
				CLANG_ENABLE_OBJC_ARC = YES;
				CLANG_WARN_BOOL_CONVERSION = YES;
				CLANG_WARN_CONSTANT_CONVERSION = YES;
				CLANG_WARN_DIRECT_OBJC_ISA_USAGE = YES_ERROR;
				CLANG_WARN_EMPTY_BODY = YES;
				CLANG_WARN_ENUM_CONVERSION = YES;
				CLANG_WARN_INT_CONVERSION = YES;
				CLANG_WARN_OBJC_ROOT_CLASS = YES_ERROR;
				CLANG_WARN__DUPLICATE_METHOD_MATCH = YES;
				"CODE_SIGN_IDENTITY[sdk=iphoneos*]" = "iPhone Developer";
				COPY_PHASE_STRIP = NO;
				GCC_C_LANGUAGE_STANDARD = gnu99;
				GCC_DYNAMIC_NO_PIC = NO;
				GCC_OPTIMIZATION_LEVEL = 0;
				GCC_PREPROCESSOR_DEFINITIONS = (
					"DEBUG=1",
					"$(inherited)",
				);
				GCC_SYMBOLS_PRIVATE_EXTERN = NO;
				GCC_WARN_64_TO_32_BIT_CONVERSION = YES;
				GCC_WARN_ABOUT_RETURN_TYPE = YES_ERROR;
				GCC_WARN_UNDECLARED_SELECTOR = YES;
				GCC_WARN_UNINITIALIZED_AUTOS = YES;
				GCC_WARN_UNUSED_FUNCTION = YES;
				GCC_WARN_UNUSED_VARIABLE = YES;
				IPHONEOS_DEPLOYMENT_TARGET = 7.0;
				ONLY_ACTIVE_ARCH = YES;
				SDKROOT = iphoneos;
			};
			name = Debug;
		};
		F6A2DD2C18AA19D1008143AC /* Release */ = {
			isa = XCBuildConfiguration;
			buildSettings = {
				ALWAYS_SEARCH_USER_PATHS = NO;
				ARCHS = "$(ARCHS_STANDARD_INCLUDING_64_BIT)";
				CLANG_CXX_LANGUAGE_STANDARD = "gnu++0x";
				CLANG_CXX_LIBRARY = "libc++";
				CLANG_ENABLE_MODULES = YES;
				CLANG_ENABLE_OBJC_ARC = YES;
				CLANG_WARN_BOOL_CONVERSION = YES;
				CLANG_WARN_CONSTANT_CONVERSION = YES;
				CLANG_WARN_DIRECT_OBJC_ISA_USAGE = YES_ERROR;
				CLANG_WARN_EMPTY_BODY = YES;
				CLANG_WARN_ENUM_CONVERSION = YES;
				CLANG_WARN_INT_CONVERSION = YES;
				CLANG_WARN_OBJC_ROOT_CLASS = YES_ERROR;
				CLANG_WARN__DUPLICATE_METHOD_MATCH = YES;
				"CODE_SIGN_IDENTITY[sdk=iphoneos*]" = "iPhone Developer";
				COPY_PHASE_STRIP = YES;
				ENABLE_NS_ASSERTIONS = NO;
				GCC_C_LANGUAGE_STANDARD = gnu99;
				GCC_WARN_64_TO_32_BIT_CONVERSION = YES;
				GCC_WARN_ABOUT_RETURN_TYPE = YES_ERROR;
				GCC_WARN_UNDECLARED_SELECTOR = YES;
				GCC_WARN_UNINITIALIZED_AUTOS = YES;
				GCC_WARN_UNUSED_FUNCTION = YES;
				GCC_WARN_UNUSED_VARIABLE = YES;
				IPHONEOS_DEPLOYMENT_TARGET = 7.0;
				SDKROOT = iphoneos;
				VALIDATE_PRODUCT = YES;
			};
			name = Release;
		};
		F6A2DD2E18AA19D1008143AC /* Debug */ = {
			isa = XCBuildConfiguration;
			buildSettings = {
				ASSETCATALOG_COMPILER_APPICON_NAME = AppIcon;
				ASSETCATALOG_COMPILER_LAUNCHIMAGE_NAME = LaunchImage;
				GCC_PRECOMPILE_PREFIX_HEADER = YES;
				GCC_PREFIX_HEADER = "CredentialManager/CredentialManager-Prefix.pch";
				INFOPLIST_FILE = "CredentialManager/CredentialManager-Info.plist";
				LIBRARY_SEARCH_PATHS = (
					"$(inherited)",
					/Users/bharathnagarajrao/Bharath/Blogs/CredentialManagerLibrary/CredentialManager/CredentialManager,
					/Users/bharathnagarajrao/Bharath/Blogs/CredentialManagerLibrary/CredentialManager/CredentialManager/BNRLibrary,
				);
				PRODUCT_NAME = "$(TARGET_NAME)";
				WRAPPER_EXTENSION = app;
			};
			name = Debug;
		};
		F6A2DD2F18AA19D1008143AC /* Release */ = {
			isa = XCBuildConfiguration;
			buildSettings = {
				ASSETCATALOG_COMPILER_APPICON_NAME = AppIcon;
				ASSETCATALOG_COMPILER_LAUNCHIMAGE_NAME = LaunchImage;
				GCC_PRECOMPILE_PREFIX_HEADER = YES;
				GCC_PREFIX_HEADER = "CredentialManager/CredentialManager-Prefix.pch";
				INFOPLIST_FILE = "CredentialManager/CredentialManager-Info.plist";
				LIBRARY_SEARCH_PATHS = (
					"$(inherited)",
					/Users/bharathnagarajrao/Bharath/Blogs/CredentialManagerLibrary/CredentialManager/CredentialManager,
					/Users/bharathnagarajrao/Bharath/Blogs/CredentialManagerLibrary/CredentialManager/CredentialManager/BNRLibrary,
				);
				PRODUCT_NAME = "$(TARGET_NAME)";
				WRAPPER_EXTENSION = app;
			};
			name = Release;
		};
		F6A2DD3118AA19D1008143AC /* Debug */ = {
			isa = XCBuildConfiguration;
			buildSettings = {
				ARCHS = "$(ARCHS_STANDARD_INCLUDING_64_BIT)";
				BUNDLE_LOADER = "$(BUILT_PRODUCTS_DIR)/CredentialManager.app/CredentialManager";
				FRAMEWORK_SEARCH_PATHS = (
					"$(SDKROOT)/Developer/Library/Frameworks",
					"$(inherited)",
					"$(DEVELOPER_FRAMEWORKS_DIR)",
				);
				GCC_PRECOMPILE_PREFIX_HEADER = YES;
				GCC_PREFIX_HEADER = "CredentialManager/CredentialManager-Prefix.pch";
				GCC_PREPROCESSOR_DEFINITIONS = (
					"DEBUG=1",
					"$(inherited)",
				);
				INFOPLIST_FILE = "CredentialManagerTests/CredentialManagerTests-Info.plist";
				PRODUCT_NAME = "$(TARGET_NAME)";
				TEST_HOST = "$(BUNDLE_LOADER)";
				WRAPPER_EXTENSION = xctest;
			};
			name = Debug;
		};
		F6A2DD3218AA19D1008143AC /* Release */ = {
			isa = XCBuildConfiguration;
			buildSettings = {
				ARCHS = "$(ARCHS_STANDARD_INCLUDING_64_BIT)";
				BUNDLE_LOADER = "$(BUILT_PRODUCTS_DIR)/CredentialManager.app/CredentialManager";
				FRAMEWORK_SEARCH_PATHS = (
					"$(SDKROOT)/Developer/Library/Frameworks",
					"$(inherited)",
					"$(DEVELOPER_FRAMEWORKS_DIR)",
				);
				GCC_PRECOMPILE_PREFIX_HEADER = YES;
				GCC_PREFIX_HEADER = "CredentialManager/CredentialManager-Prefix.pch";
				INFOPLIST_FILE = "CredentialManagerTests/CredentialManagerTests-Info.plist";
				PRODUCT_NAME = "$(TARGET_NAME)";
				TEST_HOST = "$(BUNDLE_LOADER)";
				WRAPPER_EXTENSION = xctest;
			};
			name = Release;
		};
/* End XCBuildConfiguration section */

/* Begin XCConfigurationList section */
		F6A2DCF618AA19D1008143AC /* Build configuration list for PBXProject "CredentialManager" */ = {
			isa = XCConfigurationList;
			buildConfigurations = (
				F6A2DD2B18AA19D1008143AC /* Debug */,
				F6A2DD2C18AA19D1008143AC /* Release */,
			);
			defaultConfigurationIsVisible = 0;
			defaultConfigurationName = Release;
		};
		F6A2DD2D18AA19D1008143AC /* Build configuration list for PBXNativeTarget "CredentialManager" */ = {
			isa = XCConfigurationList;
			buildConfigurations = (
				F6A2DD2E18AA19D1008143AC /* Debug */,
				F6A2DD2F18AA19D1008143AC /* Release */,
			);
			defaultConfigurationIsVisible = 0;
			defaultConfigurationName = Release;
		};
		F6A2DD3018AA19D1008143AC /* Build configuration list for PBXNativeTarget "CredentialManagerTests" */ = {
			isa = XCConfigurationList;
			buildConfigurations = (
				F6A2DD3118AA19D1008143AC /* Debug */,
				F6A2DD3218AA19D1008143AC /* Release */,
			);
			defaultConfigurationIsVisible = 0;
			defaultConfigurationName = Release;
		};
/* End XCConfigurationList section */

/* Begin XCVersionGroup section */
		F6A2DD8218AA636A008143AC /* Credentials.xcdatamodeld */ = {
			isa = XCVersionGroup;
			children = (
				F6A2DD8318AA636A008143AC /* Credentials.xcdatamodel */,
			);
			currentVersion = F6A2DD8318AA636A008143AC /* Credentials.xcdatamodel */;
			path = Credentials.xcdatamodeld;
			sourceTree = "<group>";
			versionGroupType = wrapper.xcdatamodel;
		};
/* End XCVersionGroup section */
	};
	rootObject = F6A2DCF318AA19D1008143AC /* Project object */;
}
